
Microsoft Visual Studio Solution File, Format Version 12.00
Project("{FAE04EC0-301F-11D3-BF4B-00C04F79EFBC}") = "BinaryDiagnostic", "BinaryDiagnostic\BinaryDiagnostic.csproj", "{AC0D0133-8017-46F8-90C2-3A81A70638E7}"
EndProject
Global
	GlobalSection(SolutionConfigurationPlatforms) = preSolution
		Debug|Any CPU = Debug|Any CPU
		Release|Any CPU = Release|Any CPU
	EndGlobalSection
	GlobalSection(ProjectConfigurationPlatforms) = postSolution
		{AC0D0133-8017-46F8-90C2-3A81A70638E7}.Debug|Any CPU.ActiveCfg = Debug|Any CPU
		{AC0D0133-8017-46F8-90C2-3A81A70638E7}.Debug|Any CPU.Build.0 = Debug|Any CPU
		{AC0D0133-8017-46F8-90C2-3A81A70638E7}.Release|Any CPU.ActiveCfg = Release|Any CPU
		{AC0D0133-8017-46F8-90C2-3A81A70638E7}.Release|Any CPU.Build.0 = Release|Any CPU
	EndGlobalSection
EndGlobal
